
Microsoft Visual Studio Solution File, Format Version 10.00
# Visual Studio 2008
Project("{8BC9CEB8-8B4A-11D0-8D11-00A0C91BC942}") = "test_in_vs_for_std_c", "test_in_vs_for_std_c\test_in_vs_for_std_c.vcproj", "{27F63B16-C1CF-4B89-831F-9E8C03096180}"
EndProject
Global
	GlobalSection(SolutionConfigurationPlatforms) = preSolution
		Debug|Win32 = Debug|Win32
		Release|Win32 = Release|Win32
	EndGlobalSection
	GlobalSection(ProjectConfigurationPlatforms) = postSolution
		{27F63B16-C1CF-4B89-831F-9E8C03096180}.Debug|Win32.ActiveCfg = Debug|Win32
		{27F63B16-C1CF-4B89-831F-9E8C03096180}.Debug|Win32.Build.0 = Debug|Win32
		{27F63B16-C1CF-4B89-831F-9E8C03096180}.Release|Win32.ActiveCfg = Release|Win32
		{27F63B16-C1CF-4B89-831F-9E8C03096180}.Release|Win32.Build.0 = Release|Win32
	EndGlobalSection
	GlobalSection(SolutionProperties) = preSolution
		HideSolutionNode = FALSE
	EndGlobalSection
EndGlobal
