
Microsoft Visual Studio Solution File, Format Version 10.00
# Visual Studio 2008
Project("{8BC9CEB8-8B4A-11D0-8D11-00A0C91BC942}") = "Cpp_in_vs", "Cpp_in_vs\Cpp_in_vs.vcproj", "{BA4DDD35-57C0-402D-A403-BE085D62E0C1}"
EndProject
Global
	GlobalSection(SolutionConfigurationPlatforms) = preSolution
		Debug|Win32 = Debug|Win32
		Release|Win32 = Release|Win32
	EndGlobalSection
	GlobalSection(ProjectConfigurationPlatforms) = postSolution
		{BA4DDD35-57C0-402D-A403-BE085D62E0C1}.Debug|Win32.ActiveCfg = Debug|Win32
		{BA4DDD35-57C0-402D-A403-BE085D62E0C1}.Debug|Win32.Build.0 = Debug|Win32
		{BA4DDD35-57C0-402D-A403-BE085D62E0C1}.Release|Win32.ActiveCfg = Release|Win32
		{BA4DDD35-57C0-402D-A403-BE085D62E0C1}.Release|Win32.Build.0 = Release|Win32
	EndGlobalSection
	GlobalSection(SolutionProperties) = preSolution
		HideSolutionNode = FALSE
	EndGlobalSection
EndGlobal
